
Microsoft Visual Studio Solution File, Format Version 12.00
# Visual Studio Version 17
VisualStudioVersion = 17.4.33205.214
MinimumVisualStudioVersion = 10.0.40219.1
Project("{9A19103F-16F7-4668-BE54-9A1E7A4F7556}") = "AudioTools", "AudioTools.csproj", "{9C135DD1-63EB-424C-9D42-5B874D3EC1B1}"
EndProject
Project("{FAE04EC0-301F-11D3-BF4B-00C04F79EFBC}") = "FrontendAudioTools", "..\FrontendAudioTools\FrontendAudioTools.csproj", "{32B172F0-EF49-4BBC-8F50-FA6081AFAD56}"
EndProject
Global
	GlobalSection(SolutionConfigurationPlatforms) = preSolution
		Debug|Any CPU = Debug|Any CPU
		Release|Any CPU = Release|Any CPU
	EndGlobalSection
	GlobalSection(ProjectConfigurationPlatforms) = postSolution
		{9C135DD1-63EB-424C-9D42-5B874D3EC1B1}.Debug|Any CPU.ActiveCfg = Debug|Any CPU
		{9C135DD1-63EB-424C-9D42-5B874D3EC1B1}.Debug|Any CPU.Build.0 = Debug|Any CPU
		{9C135DD1-63EB-424C-9D42-5B874D3EC1B1}.Release|Any CPU.ActiveCfg = Release|Any CPU
		{9C135DD1-63EB-424C-9D42-5B874D3EC1B1}.Release|Any CPU.Build.0 = Release|Any CPU
		{32B172F0-EF49-4BBC-8F50-FA6081AFAD56}.Debug|Any CPU.ActiveCfg = Debug|Any CPU
		{32B172F0-EF49-4BBC-8F50-FA6081AFAD56}.Debug|Any CPU.Build.0 = Debug|Any CPU
		{32B172F0-EF49-4BBC-8F50-FA6081AFAD56}.Debug|Any CPU.Deploy.0 = Debug|Any CPU
		{32B172F0-EF49-4BBC-8F50-FA6081AFAD56}.Release|Any CPU.ActiveCfg = Release|Any CPU
		{32B172F0-EF49-4BBC-8F50-FA6081AFAD56}.Release|Any CPU.Build.0 = Release|Any CPU
		{32B172F0-EF49-4BBC-8F50-FA6081AFAD56}.Release|Any CPU.Deploy.0 = Release|Any CPU
	EndGlobalSection
	GlobalSection(SolutionProperties) = preSolution
		HideSolutionNode = FALSE
	EndGlobalSection
	GlobalSection(ExtensibilityGlobals) = postSolution
		SolutionGuid = {89C28485-7938-4F34-9050-42B6E4DBA83F}
	EndGlobalSection
EndGlobal
